// !$*UTF8*$!
{
	archiveVersion = 1;
	classes = {
	};
	objectVersion = 46;
	objects = {

/* Begin PBXBuildFile section */
		6398B7F51AF7D00E000235FE /* main.m in Sources */ = {isa = PBXBuildFile; fileRef = 6398B7F41AF7D00E000235FE /* main.m */; };
		6398B7F81AF7D00E000235FE /* AppDelegate.m in Sources */ = {isa = PBXBuildFile; fileRef = 6398B7F71AF7D00E000235FE /* AppDelegate.m */; };
		6398B7FB1AF7D00E000235FE /* LoginViewController.m in Sources */ = {isa = PBXBuildFile; fileRef = 6398B7FA1AF7D00E000235FE /* LoginViewController.m */; };
		6398B7FE1AF7D00E000235FE /* Main.storyboard in Resources */ = {isa = PBXBuildFile; fileRef = 6398B7FC1AF7D00E000235FE /* Main.storyboard */; };
		6398B8001AF7D00E000235FE /* Images.xcassets in Resources */ = {isa = PBXBuildFile; fileRef = 6398B7FF1AF7D00E000235FE /* Images.xcassets */; };
		6398B8031AF7D00E000235FE /* LaunchScreen.xib in Resources */ = {isa = PBXBuildFile; fileRef = 6398B8011AF7D00E000235FE /* LaunchScreen.xib */; };
		6398B80F1AF7D00E000235FE /* PinFeverTests.m in Sources */ = {isa = PBXBuildFile; fileRef = 6398B80E1AF7D00E000235FE /* PinFeverTests.m */; };
/* End PBXBuildFile section */

/* Begin PBXContainerItemProxy section */
		6398B8091AF7D00E000235FE /* PBXContainerItemProxy */ = {
			isa = PBXContainerItemProxy;
			containerPortal = 6398B7E71AF7D00E000235FE /* Project object */;
			proxyType = 1;
			remoteGlobalIDString = 6398B7EE1AF7D00E000235FE;
			remoteInfo = PinFever;
		};
/* End PBXContainerItemProxy section */

/* Begin PBXFileReference section */
		6398B7EF1AF7D00E000235FE /* PinFever.app */ = {isa = PBXFileReference; explicitFileType = wrapper.application; includeInIndex = 0; path = PinFever.app; sourceTree = BUILT_PRODUCTS_DIR; };
		6398B7F31AF7D00E000235FE /* Info.plist */ = {isa = PBXFileReference; lastKnownFileType = text.plist.xml; path = Info.plist; sourceTree = "<group>"; };
		6398B7F41AF7D00E000235FE /* main.m */ = {isa = PBXFileReference; lastKnownFileType = sourcecode.c.objc; path = main.m; sourceTree = "<group>"; };
		6398B7F61AF7D00E000235FE /* AppDelegate.h */ = {isa = PBXFileReference; lastKnownFileType = sourcecode.c.h; path = AppDelegate.h; sourceTree = "<group>"; };
		6398B7F71AF7D00E000235FE /* AppDelegate.m */ = {isa = PBXFileReference; lastKnownFileType = sourcecode.c.objc; path = AppDelegate.m; sourceTree = "<group>"; };
		6398B7F91AF7D00E000235FE /* LoginViewController.h */ = {isa = PBXFileReference; lastKnownFileType = sourcecode.c.h; path = LoginViewController.h; sourceTree = "<group>"; };
		6398B7FA1AF7D00E000235FE /* LoginViewController.m */ = {isa = PBXFileReference; lastKnownFileType = sourcecode.c.objc; path = LoginViewController.m; sourceTree = "<group>"; };
		6398B7FD1AF7D00E000235FE /* Base */ = {isa = PBXFileReference; lastKnownFileType = file.storyboard; name = Base; path = Base.lproj/Main.storyboard; sourceTree = "<group>"; };
		6398B7FF1AF7D00E000235FE /* Images.xcassets */ = {isa = PBXFileReference; lastKnownFileType = folder.assetcatalog; path = Images.xcassets; sourceTree = "<group>"; };
		6398B8021AF7D00E000235FE /* Base */ = {isa = PBXFileReference; lastKnownFileType = file.xib; name = Base; path = Base.lproj/LaunchScreen.xib; sourceTree = "<group>"; };
		6398B8081AF7D00E000235FE /* PinFeverTests.xctest */ = {isa = PBXFileReference; explicitFileType = wrapper.cfbundle; includeInIndex = 0; path = PinFeverTests.xctest; sourceTree = BUILT_PRODUCTS_DIR; };
		6398B80D1AF7D00E000235FE /* Info.plist */ = {isa = PBXFileReference; lastKnownFileType = text.plist.xml; path = Info.plist; sourceTree = "<group>"; };
		6398B80E1AF7D00E000235FE /* PinFeverTests.m */ = {isa = PBXFileReference; lastKnownFileType = sourcecode.c.objc; path = PinFeverTests.m; sourceTree = "<group>"; };
/* End PBXFileReference section */

/* Begin PBXFrameworksBuildPhase section */
		6398B7EC1AF7D00E000235FE /* Frameworks */ = {
			isa = PBXFrameworksBuildPhase;
			buildActionMask = 2147483647;
			files = (
			);
			runOnlyForDeploymentPostprocessing = 0;
		};
		6398B8051AF7D00E000235FE /* Frameworks */ = {
			isa = PBXFrameworksBuildPhase;
			buildActionMask = 2147483647;
			files = (
			);
			runOnlyForDeploymentPostprocessing = 0;
		};
/* End PBXFrameworksBuildPhase section */

/* Begin PBXGroup section */
		6349C8EF1AF7D9C600F412CC /* Login */ = {
			isa = PBXGroup;
			children = (
				6398B7F91AF7D00E000235FE /* LoginViewController.h */,
				6398B7FA1AF7D00E000235FE /* LoginViewController.m */,
			);
			name = Login;
			sourceTree = "<group>";
		};
		6398B7E61AF7D00E000235FE = {
			isa = PBXGroup;
			children = (
				6398B7F11AF7D00E000235FE /* PinFever */,
				6398B80B1AF7D00E000235FE /* PinFeverTests */,
				6398B7F01AF7D00E000235FE /* Products */,
			);
			sourceTree = "<group>";
		};
		6398B7F01AF7D00E000235FE /* Products */ = {
			isa = PBXGroup;
			children = (
				6398B7EF1AF7D00E000235FE /* PinFever.app */,
				6398B8081AF7D00E000235FE /* PinFeverTests.xctest */,
			);
			name = Products;
			sourceTree = "<group>";
		};
		6398B7F11AF7D00E000235FE /* PinFever */ = {
			isa = PBXGroup;
			children = (
				6398B7F61AF7D00E000235FE /* AppDelegate.h */,
				6398B7F71AF7D00E000235FE /* AppDelegate.m */,
				6349C8EF1AF7D9C600F412CC /* Login */,
				6398B7FC1AF7D00E000235FE /* Main.storyboard */,
				6398B7FF1AF7D00E000235FE /* Images.xcassets */,
				6398B8011AF7D00E000235FE /* LaunchScreen.xib */,
				6398B7F21AF7D00E000235FE /* Supporting Files */,
			);
			path = PinFever;
			sourceTree = "<group>";
		};
		6398B7F21AF7D00E000235FE /* Supporting Files */ = {
			isa = PBXGroup;
			children = (
				6398B7F31AF7D00E000235FE /* Info.plist */,
				6398B7F41AF7D00E000235FE /* main.m */,
			);
			name = "Supporting Files";
			sourceTree = "<group>";
		};
		6398B80B1AF7D00E000235FE /* PinFeverTests */ = {
			isa = PBXGroup;
			children = (
				6398B80E1AF7D00E000235FE /* PinFeverTests.m */,
				6398B80C1AF7D00E000235FE /* Supporting Files */,
			);
			path = PinFeverTests;
			sourceTree = "<group>";
		};
		6398B80C1AF7D00E000235FE /* Supporting Files */ = {
			isa = PBXGroup;
			children = (
				6398B80D1AF7D00E000235FE /* Info.plist */,
			);
			name = "Supporting Files";
			sourceTree = "<group>";
		};
/* End PBXGroup section */

/* Begin PBXNativeTarget section */
		6398B7EE1AF7D00E000235FE /* PinFever */ = {
			isa = PBXNativeTarget;
			buildConfigurationList = 6398B8121AF7D00E000235FE /* Build configuration list for PBXNativeTarget "PinFever" */;
			buildPhases = (
				6398B7EB1AF7D00E000235FE /* Sources */,
				6398B7EC1AF7D00E000235FE /* Frameworks */,
				6398B7ED1AF7D00E000235FE /* Resources */,
			);
			buildRules = (
			);
			dependencies = (
			);
			name = PinFever;
			productName = PinFever;
			productReference = 6398B7EF1AF7D00E000235FE /* PinFever.app */;
			productType = "com.apple.product-type.application";
		};
		6398B8071AF7D00E000235FE /* PinFeverTests */ = {
			isa = PBXNativeTarget;
			buildConfigurationList = 6398B8151AF7D00E000235FE /* Build configuration list for PBXNativeTarget "PinFeverTests" */;
			buildPhases = (
				6398B8041AF7D00E000235FE /* Sources */,
				6398B8051AF7D00E000235FE /* Frameworks */,
				6398B8061AF7D00E000235FE /* Resources */,
			);
			buildRules = (
			);
			dependencies = (
				6398B80A1AF7D00E000235FE /* PBXTargetDependency */,
			);
			name = PinFeverTests;
			productName = PinFeverTests;
			productReference = 6398B8081AF7D00E000235FE /* PinFeverTests.xctest */;
			productType = "com.apple.product-type.bundle.unit-test";
		};
/* End PBXNativeTarget section */

/* Begin PBXProject section */
		6398B7E71AF7D00E000235FE /* Project object */ = {
			isa = PBXProject;
			attributes = {
				LastUpgradeCheck = 0630;
				ORGANIZATIONNAME = "David Ehlen";
				TargetAttributes = {
					6398B7EE1AF7D00E000235FE = {
						CreatedOnToolsVersion = 6.3.1;
					};
					6398B8071AF7D00E000235FE = {
						CreatedOnToolsVersion = 6.3.1;
						TestTargetID = 6398B7EE1AF7D00E000235FE;
					};
				};
			};
			buildConfigurationList = 6398B7EA1AF7D00E000235FE /* Build configuration list for PBXProject "PinFever" */;
			compatibilityVersion = "Xcode 3.2";
			developmentRegion = English;
			hasScannedForEncodings = 0;
			knownRegions = (
				en,
				Base,
			);
			mainGroup = 6398B7E61AF7D00E000235FE;
			productRefGroup = 6398B7F01AF7D00E000235FE /* Products */;
			projectDirPath = "";
			projectRoot = "";
			targets = (
				6398B7EE1AF7D00E000235FE /* PinFever */,
				6398B8071AF7D00E000235FE /* PinFeverTests */,
			);
		};
/* End PBXProject section */

/* Begin PBXResourcesBuildPhase section */
		6398B7ED1AF7D00E000235FE /* Resources */ = {
			isa = PBXResourcesBuildPhase;
			buildActionMask = 2147483647;
			files = (
				6398B7FE1AF7D00E000235FE /* Main.storyboard in Resources */,
				6398B8031AF7D00E000235FE /* LaunchScreen.xib in Resources */,
				6398B8001AF7D00E000235FE /* Images.xcassets in Resources */,
			);
			runOnlyForDeploymentPostprocessing = 0;
		};
		6398B8061AF7D00E000235FE /* Resources */ = {
			isa = PBXResourcesBuildPhase;
			buildActionMask = 2147483647;
			files = (
			);
			runOnlyForDeploymentPostprocessing = 0;
		};
/* End PBXResourcesBuildPhase section */

/* Begin PBXSourcesBuildPhase section */
		6398B7EB1AF7D00E000235FE /* Sources */ = {
			isa = PBXSourcesBuildPhase;
			buildActionMask = 2147483647;
			files = (
				6398B7FB1AF7D00E000235FE /* LoginViewController.m in Sources */,
				6398B7F81AF7D00E000235FE /* AppDelegate.m in Sources */,
				6398B7F51AF7D00E000235FE /* main.m in Sources */,
			);
			runOnlyForDeploymentPostprocessing = 0;
		};
		6398B8041AF7D00E000235FE /* Sources */ = {
			isa = PBXSourcesBuildPhase;
			buildActionMask = 2147483647;
			files = (
				6398B80F1AF7D00E000235FE /* PinFeverTests.m in Sources */,
			);
			runOnlyForDeploymentPostprocessing = 0;
		};
/* End PBXSourcesBuildPhase section */

/* Begin PBXTargetDependency section */
		6398B80A1AF7D00E000235FE /* PBXTargetDependency */ = {
			isa = PBXTargetDependency;
			target = 6398B7EE1AF7D00E000235FE /* PinFever */;
			targetProxy = 6398B8091AF7D00E000235FE /* PBXContainerItemProxy */;
		};
/* End PBXTargetDependency section */

/* Begin PBXVariantGroup section */
		6398B7FC1AF7D00E000235FE /* Main.storyboard */ = {
			isa = PBXVariantGroup;
			children = (
				6398B7FD1AF7D00E000235FE /* Base */,
			);
			name = Main.storyboard;
			sourceTree = "<group>";
		};
		6398B8011AF7D00E000235FE /* LaunchScreen.xib */ = {
			isa = PBXVariantGroup;
			children = (
				6398B8021AF7D00E000235FE /* Base */,
			);
			name = LaunchScreen.xib;
			sourceTree = "<group>";
		};
/* End PBXVariantGroup section */

/* Begin XCBuildConfiguration section */
		6398B8101AF7D00E000235FE /* Debug */ = {
			isa = XCBuildConfiguration;
			buildSettings = {
				ALWAYS_SEARCH_USER_PATHS = NO;
				CLANG_CXX_LANGUAGE_STANDARD = "gnu++0x";
				CLANG_CXX_LIBRARY = "libc++";
				CLANG_ENABLE_MODULES = YES;
				CLANG_ENABLE_OBJC_ARC = YES;
				CLANG_WARN_BOOL_CONVERSION = YES;
				CLANG_WARN_CONSTANT_CONVERSION = YES;
				CLANG_WARN_DIRECT_OBJC_ISA_USAGE = YES_ERROR;
				CLANG_WARN_EMPTY_BODY = YES;
				CLANG_WARN_ENUM_CONVERSION = YES;
				CLANG_WARN_INT_CONVERSION = YES;
				CLANG_WARN_OBJC_ROOT_CLASS = YES_ERROR;
				CLANG_WARN_UNREACHABLE_CODE = YES;
				CLANG_WARN__DUPLICATE_METHOD_MATCH = YES;
				"CODE_SIGN_IDENTITY[sdk=iphoneos*]" = "iPhone Developer";
				COPY_PHASE_STRIP = NO;
				DEBUG_INFORMATION_FORMAT = "dwarf-with-dsym";
				ENABLE_STRICT_OBJC_MSGSEND = YES;
				GCC_C_LANGUAGE_STANDARD = gnu99;
				GCC_DYNAMIC_NO_PIC = NO;
				GCC_NO_COMMON_BLOCKS = YES;
				GCC_OPTIMIZATION_LEVEL = 0;
				GCC_PREPROCESSOR_DEFINITIONS = (
					"DEBUG=1",
					"$(inherited)",
				);
				GCC_SYMBOLS_PRIVATE_EXTERN = NO;
				GCC_WARN_64_TO_32_BIT_CONVERSION = YES;
				GCC_WARN_ABOUT_RETURN_TYPE = YES_ERROR;
				GCC_WARN_UNDECLARED_SELECTOR = YES;
				GCC_WARN_UNINITIALIZED_AUTOS = YES_AGGRESSIVE;
				GCC_WARN_UNUSED_FUNCTION = YES;
				GCC_WARN_UNUSED_VARIABLE = YES;
				IPHONEOS_DEPLOYMENT_TARGET = 8.3;
				MTL_ENABLE_DEBUG_INFO = YES;
				ONLY_ACTIVE_ARCH = YES;
				SDKROOT = iphoneos;
				TARGETED_DEVICE_FAMILY = "1,2";
			};
			name = Debug;
		};
		6398B8111AF7D00E000235FE /* Release */ = {
			isa = XCBuildConfiguration;
			buildSettings = {
				ALWAYS_SEARCH_USER_PATHS = NO;
				CLANG_CXX_LANGUAGE_STANDARD = "gnu++0x";
				CLANG_CXX_LIBRARY = "libc++";
				CLANG_ENABLE_MODULES = YES;
				CLANG_ENABLE_OBJC_ARC = YES;
				CLANG_WARN_BOOL_CONVERSION = YES;
				CLANG_WARN_CONSTANT_CONVERSION = YES;
				CLANG_WARN_DIRECT_OBJC_ISA_USAGE = YES_ERROR;
				CLANG_WARN_EMPTY_BODY = YES;
				CLANG_WARN_ENUM_CONVERSION = YES;
				CLANG_WARN_INT_CONVERSION = YES;
				CLANG_WARN_OBJC_ROOT_CLASS = YES_ERROR;
				CLANG_WARN_UNREACHABLE_CODE = YES;
				CLANG_WARN__DUPLICATE_METHOD_MATCH = YES;
				"CODE_SIGN_IDENTITY[sdk=iphoneos*]" = "iPhone Developer";
				COPY_PHASE_STRIP = NO;
				DEBUG_INFORMATION_FORMAT = "dwarf-with-dsym";
				ENABLE_NS_ASSERTIONS = NO;
				ENABLE_STRICT_OBJC_MSGSEND = YES;
				GCC_C_LANGUAGE_STANDARD = gnu99;
				GCC_NO_COMMON_BLOCKS = YES;
				GCC_WARN_64_TO_32_BIT_CONVERSION = YES;
				GCC_WARN_ABOUT_RETURN_TYPE = YES_ERROR;
				GCC_WARN_UNDECLARED_SELECTOR = YES;
				GCC_WARN_UNINITIALIZED_AUTOS = YES_AGGRESSIVE;
				GCC_WARN_UNUSED_FUNCTION = YES;
				GCC_WARN_UNUSED_VARIABLE = YES;
				IPHONEOS_DEPLOYMENT_TARGET = 8.3;
				MTL_ENABLE_DEBUG_INFO = NO;
				SDKROOT = iphoneos;
				TARGETED_DEVICE_FAMILY = "1,2";
				VALIDATE_PRODUCT = YES;
			};
			name = Release;
		};
		6398B8131AF7D00E000235FE /* Debug */ = {
			isa = XCBuildConfiguration;
			buildSettings = {
				ASSETCATALOG_COMPILER_APPICON_NAME = AppIcon;
				INFOPLIST_FILE = PinFever/Info.plist;
				LD_RUNPATH_SEARCH_PATHS = "$(inherited) @executable_path/Frameworks";
				PRODUCT_NAME = "$(TARGET_NAME)";
			};
			name = Debug;
		};
		6398B8141AF7D00E000235FE /* Release */ = {
			isa = XCBuildConfiguration;
			buildSettings = {
				ASSETCATALOG_COMPILER_APPICON_NAME = AppIcon;
				INFOPLIST_FILE = PinFever/Info.plist;
				LD_RUNPATH_SEARCH_PATHS = "$(inherited) @executable_path/Frameworks";
				PRODUCT_NAME = "$(TARGET_NAME)";
			};
			name = Release;
		};
		6398B8161AF7D00E000235FE /* Debug */ = {
			isa = XCBuildConfiguration;
			buildSettings = {
				BUNDLE_LOADER = "$(TEST_HOST)";
				FRAMEWORK_SEARCH_PATHS = (
					"$(SDKROOT)/Developer/Library/Frameworks",
					"$(inherited)",
				);
				GCC_PREPROCESSOR_DEFINITIONS = (
					"DEBUG=1",
					"$(inherited)",
				);
				INFOPLIST_FILE = PinFeverTests/Info.plist;
				LD_RUNPATH_SEARCH_PATHS = "$(inherited) @executable_path/Frameworks @loader_path/Frameworks";
				PRODUCT_NAME = "$(TARGET_NAME)";
				TEST_HOST = "$(BUILT_PRODUCTS_DIR)/PinFever.app/PinFever";
			};
			name = Debug;
		};
		6398B8171AF7D00E000235FE /* Release */ = {
			isa = XCBuildConfiguration;
			buildSettings = {
				BUNDLE_LOADER = "$(TEST_HOST)";
				FRAMEWORK_SEARCH_PATHS = (
					"$(SDKROOT)/Developer/Library/Frameworks",
					"$(inherited)",
				);
				INFOPLIST_FILE = PinFeverTests/Info.plist;
				LD_RUNPATH_SEARCH_PATHS = "$(inherited) @executable_path/Frameworks @loader_path/Frameworks";
				PRODUCT_NAME = "$(TARGET_NAME)";
				TEST_HOST = "$(BUILT_PRODUCTS_DIR)/PinFever.app/PinFever";
			};
			name = Release;
		};
/* End XCBuildConfiguration section */

/* Begin XCConfigurationList section */
		6398B7EA1AF7D00E000235FE /* Build configuration list for PBXProject "PinFever" */ = {
			isa = XCConfigurationList;
			buildConfigurations = (
				6398B8101AF7D00E000235FE /* Debug */,
				6398B8111AF7D00E000235FE /* Release */,
			);
			defaultConfigurationIsVisible = 0;
			defaultConfigurationName = Release;
		};
		6398B8121AF7D00E000235FE /* Build configuration list for PBXNativeTarget "PinFever" */ = {
			isa = XCConfigurationList;
			buildConfigurations = (
				6398B8131AF7D00E000235FE /* Debug */,
				6398B8141AF7D00E000235FE /* Release */,
			);
			defaultConfigurationIsVisible = 0;
			defaultConfigurationName = Release;
		};
		6398B8151AF7D00E000235FE /* Build configuration list for PBXNativeTarget "PinFeverTests" */ = {
			isa = XCConfigurationList;
			buildConfigurations = (
				6398B8161AF7D00E000235FE /* Debug */,
				6398B8171AF7D00E000235FE /* Release */,
			);
			defaultConfigurationIsVisible = 0;
			defaultConfigurationName = Release;
		};
/* End XCConfigurationList section */
	};
	rootObject = 6398B7E71AF7D00E000235FE /* Project object */;
}
