// !$*UTF8*$!
{
	archiveVersion = 1;
	classes = {
	};
	objectVersion = 46;
	objects = {

/* Begin PBXBuildFile section */
		6314E51F1AFE1CCC00B8574E /* DELaunchViewController.m in Sources */ = {isa = PBXBuildFile; fileRef = 6314E51E1AFE1CCC00B8574E /* DELaunchViewController.m */; };
		6314E5231AFE1F0000B8574E /* PlayerCollectionViewCell.m in Sources */ = {isa = PBXBuildFile; fileRef = 6314E5211AFE1F0000B8574E /* PlayerCollectionViewCell.m */; };
		6319044E1AFA210B00E3665F /* DERoundDetailViewController.m in Sources */ = {isa = PBXBuildFile; fileRef = 6319044D1AFA210B00E3665F /* DERoundDetailViewController.m */; };
		631904521AFA27FF00E3665F /* DERoundTableViewCell.m in Sources */ = {isa = PBXBuildFile; fileRef = 631904501AFA27FF00E3665F /* DERoundTableViewCell.m */; };
		631904531AFA27FF00E3665F /* DERoundTableViewCell.xib in Resources */ = {isa = PBXBuildFile; fileRef = 631904511AFA27FF00E3665F /* DERoundTableViewCell.xib */; };
		63275A2E1AF9696400A5881A /* DESettingsViewController.m in Sources */ = {isa = PBXBuildFile; fileRef = 63275A2D1AF9696400A5881A /* DESettingsViewController.m */; };
		63275A301AF96E9900A5881A /* Images.xcassets in Resources */ = {isa = PBXBuildFile; fileRef = 63275A2F1AF96E9900A5881A /* Images.xcassets */; };
		6358AF7F1AF8F5AB002A0234 /* DEHomeViewController.m in Sources */ = {isa = PBXBuildFile; fileRef = 6358AF7E1AF8F5AB002A0234 /* DEHomeViewController.m */; };
		6358AF831AF90354002A0234 /* ActiveGamesTableViewCell.m in Sources */ = {isa = PBXBuildFile; fileRef = 6358AF811AF90354002A0234 /* ActiveGamesTableViewCell.m */; };
		6358AF841AF90354002A0234 /* ActiveGamesTableViewCell.xib in Resources */ = {isa = PBXBuildFile; fileRef = 6358AF821AF90354002A0234 /* ActiveGamesTableViewCell.xib */; };
		6358AF8D1AF910B0002A0234 /* DEFriendsViewController.m in Sources */ = {isa = PBXBuildFile; fileRef = 6358AF8C1AF910B0002A0234 /* DEFriendsViewController.m */; };
		6358AF911AF91230002A0234 /* FriendsTableViewCell.m in Sources */ = {isa = PBXBuildFile; fileRef = 6358AF8F1AF91230002A0234 /* FriendsTableViewCell.m */; };
		6358AF921AF91230002A0234 /* FriendsTableViewCell.xib in Resources */ = {isa = PBXBuildFile; fileRef = 6358AF901AF91230002A0234 /* FriendsTableViewCell.xib */; };
		6358AF951AF918CE002A0234 /* Main.storyboard in Resources */ = {isa = PBXBuildFile; fileRef = 6358AF971AF918CE002A0234 /* Main.storyboard */; };
		6358AFA51AF919AD002A0234 /* Localizable.strings in Resources */ = {isa = PBXBuildFile; fileRef = 6358AFA71AF919AD002A0234 /* Localizable.strings */; };
		6398B7F51AF7D00E000235FE /* main.m in Sources */ = {isa = PBXBuildFile; fileRef = 6398B7F41AF7D00E000235FE /* main.m */; };
		6398B7F81AF7D00E000235FE /* AppDelegate.m in Sources */ = {isa = PBXBuildFile; fileRef = 6398B7F71AF7D00E000235FE /* AppDelegate.m */; };
		6398B7FB1AF7D00E000235FE /* LoginViewController.m in Sources */ = {isa = PBXBuildFile; fileRef = 6398B7FA1AF7D00E000235FE /* LoginViewController.m */; };
		6398B7FE1AF7D00E000235FE /* Login.storyboard in Resources */ = {isa = PBXBuildFile; fileRef = 6398B7FC1AF7D00E000235FE /* Login.storyboard */; };
		6398B8031AF7D00E000235FE /* LaunchScreen.xib in Resources */ = {isa = PBXBuildFile; fileRef = 6398B8011AF7D00E000235FE /* LaunchScreen.xib */; };
		6398B80F1AF7D00E000235FE /* PinFeverTests.m in Sources */ = {isa = PBXBuildFile; fileRef = 6398B80E1AF7D00E000235FE /* PinFeverTests.m */; };
		63AF11BE1B008E340063D3B1 /* TLTagsControl.m in Sources */ = {isa = PBXBuildFile; fileRef = 63AF11BD1B008E340063D3B1 /* TLTagsControl.m */; };
		63AF11C21B0097950063D3B1 /* DEDeleteTextField.m in Sources */ = {isa = PBXBuildFile; fileRef = 63AF11C11B0097950063D3B1 /* DEDeleteTextField.m */; };
		63B0CFC91B0A0545000AED84 /* DEProfileViewController.m in Sources */ = {isa = PBXBuildFile; fileRef = 63B0CFC81B0A0545000AED84 /* DEProfileViewController.m */; };
		63D36DB41B036144008B3C3F /* SQLiteManager.m in Sources */ = {isa = PBXBuildFile; fileRef = 63D36DB31B036144008B3C3F /* SQLiteManager.m */; };
		63D36DB71B03615F008B3C3F /* libsqlite3.0.dylib in Frameworks */ = {isa = PBXBuildFile; fileRef = 63D36DB61B03615F008B3C3F /* libsqlite3.0.dylib */; };
		63F42B481B0E1C6C00E5CC48 /* DEAddFriendViewController.m in Sources */ = {isa = PBXBuildFile; fileRef = 63F42B471B0E1C6C00E5CC48 /* DEAddFriendViewController.m */; };
		63F42B4B1B0E1EBD00E5CC48 /* DEPlayer.m in Sources */ = {isa = PBXBuildFile; fileRef = 63F42B4A1B0E1EBD00E5CC48 /* DEPlayer.m */; };
		63F42B4F1B0E2B2200E5CC48 /* pinfever_db.db in Resources */ = {isa = PBXBuildFile; fileRef = 63F42B4E1B0E2B1E00E5CC48 /* pinfever_db.db */; };
		63F782E81B00DAF700C101FC /* RegisterViewController.m in Sources */ = {isa = PBXBuildFile; fileRef = 63F782E71B00DAF700C101FC /* RegisterViewController.m */; };
		AA074DF6F7DC330072874014 /* libPods.a in Frameworks */ = {isa = PBXBuildFile; fileRef = 6B1C09E42F865C1EF58A623B /* libPods.a */; };
		ECD5BEC372440E7D600D36C8 /* libPods.a in Frameworks */ = {isa = PBXBuildFile; fileRef = 6B1C09E42F865C1EF58A623B /* libPods.a */; };
/* End PBXBuildFile section */

/* Begin PBXContainerItemProxy section */
		6398B8091AF7D00E000235FE /* PBXContainerItemProxy */ = {
			isa = PBXContainerItemProxy;
			containerPortal = 6398B7E71AF7D00E000235FE /* Project object */;
			proxyType = 1;
			remoteGlobalIDString = 6398B7EE1AF7D00E000235FE;
			remoteInfo = PinFever;
		};
/* End PBXContainerItemProxy section */

/* Begin PBXFileReference section */
		23246D62D85BC0918686BF90 /* Pods.debug.xcconfig */ = {isa = PBXFileReference; includeInIndex = 1; lastKnownFileType = text.xcconfig; name = Pods.debug.xcconfig; path = "Pods/Target Support Files/Pods/Pods.debug.xcconfig"; sourceTree = "<group>"; };
		6314E51D1AFE1CCC00B8574E /* DELaunchViewController.h */ = {isa = PBXFileReference; fileEncoding = 4; lastKnownFileType = sourcecode.c.h; path = DELaunchViewController.h; sourceTree = "<group>"; };
		6314E51E1AFE1CCC00B8574E /* DELaunchViewController.m */ = {isa = PBXFileReference; fileEncoding = 4; lastKnownFileType = sourcecode.c.objc; path = DELaunchViewController.m; sourceTree = "<group>"; };
		6314E5201AFE1F0000B8574E /* PlayerCollectionViewCell.h */ = {isa = PBXFileReference; fileEncoding = 4; lastKnownFileType = sourcecode.c.h; path = PlayerCollectionViewCell.h; sourceTree = "<group>"; };
		6314E5211AFE1F0000B8574E /* PlayerCollectionViewCell.m */ = {isa = PBXFileReference; fileEncoding = 4; lastKnownFileType = sourcecode.c.objc; path = PlayerCollectionViewCell.m; sourceTree = "<group>"; };
		6319044C1AFA210B00E3665F /* DERoundDetailViewController.h */ = {isa = PBXFileReference; fileEncoding = 4; lastKnownFileType = sourcecode.c.h; path = DERoundDetailViewController.h; sourceTree = "<group>"; };
		6319044D1AFA210B00E3665F /* DERoundDetailViewController.m */ = {isa = PBXFileReference; fileEncoding = 4; lastKnownFileType = sourcecode.c.objc; path = DERoundDetailViewController.m; sourceTree = "<group>"; };
		6319044F1AFA27FF00E3665F /* DERoundTableViewCell.h */ = {isa = PBXFileReference; fileEncoding = 4; lastKnownFileType = sourcecode.c.h; path = DERoundTableViewCell.h; sourceTree = "<group>"; };
		631904501AFA27FF00E3665F /* DERoundTableViewCell.m */ = {isa = PBXFileReference; fileEncoding = 4; lastKnownFileType = sourcecode.c.objc; path = DERoundTableViewCell.m; sourceTree = "<group>"; };
		631904511AFA27FF00E3665F /* DERoundTableViewCell.xib */ = {isa = PBXFileReference; fileEncoding = 4; lastKnownFileType = file.xib; path = DERoundTableViewCell.xib; sourceTree = "<group>"; };
		63275A2C1AF9696400A5881A /* DESettingsViewController.h */ = {isa = PBXFileReference; fileEncoding = 4; lastKnownFileType = sourcecode.c.h; path = DESettingsViewController.h; sourceTree = "<group>"; };
		63275A2D1AF9696400A5881A /* DESettingsViewController.m */ = {isa = PBXFileReference; fileEncoding = 4; lastKnownFileType = sourcecode.c.objc; path = DESettingsViewController.m; sourceTree = "<group>"; };
		63275A2F1AF96E9900A5881A /* Images.xcassets */ = {isa = PBXFileReference; lastKnownFileType = folder.assetcatalog; path = Images.xcassets; sourceTree = "<group>"; };
		6358AF7D1AF8F5AB002A0234 /* DEHomeViewController.h */ = {isa = PBXFileReference; fileEncoding = 4; lastKnownFileType = sourcecode.c.h; path = DEHomeViewController.h; sourceTree = "<group>"; };
		6358AF7E1AF8F5AB002A0234 /* DEHomeViewController.m */ = {isa = PBXFileReference; fileEncoding = 4; lastKnownFileType = sourcecode.c.objc; path = DEHomeViewController.m; sourceTree = "<group>"; };
		6358AF801AF90354002A0234 /* ActiveGamesTableViewCell.h */ = {isa = PBXFileReference; fileEncoding = 4; lastKnownFileType = sourcecode.c.h; path = ActiveGamesTableViewCell.h; sourceTree = "<group>"; };
		6358AF811AF90354002A0234 /* ActiveGamesTableViewCell.m */ = {isa = PBXFileReference; fileEncoding = 4; lastKnownFileType = sourcecode.c.objc; path = ActiveGamesTableViewCell.m; sourceTree = "<group>"; };
		6358AF821AF90354002A0234 /* ActiveGamesTableViewCell.xib */ = {isa = PBXFileReference; fileEncoding = 4; lastKnownFileType = file.xib; path = ActiveGamesTableViewCell.xib; sourceTree = "<group>"; };
		6358AF8B1AF910B0002A0234 /* DEFriendsViewController.h */ = {isa = PBXFileReference; fileEncoding = 4; lastKnownFileType = sourcecode.c.h; path = DEFriendsViewController.h; sourceTree = "<group>"; };
		6358AF8C1AF910B0002A0234 /* DEFriendsViewController.m */ = {isa = PBXFileReference; fileEncoding = 4; lastKnownFileType = sourcecode.c.objc; path = DEFriendsViewController.m; sourceTree = "<group>"; };
		6358AF8E1AF91230002A0234 /* FriendsTableViewCell.h */ = {isa = PBXFileReference; fileEncoding = 4; lastKnownFileType = sourcecode.c.h; path = FriendsTableViewCell.h; sourceTree = "<group>"; };
		6358AF8F1AF91230002A0234 /* FriendsTableViewCell.m */ = {isa = PBXFileReference; fileEncoding = 4; lastKnownFileType = sourcecode.c.objc; path = FriendsTableViewCell.m; sourceTree = "<group>"; };
		6358AF901AF91230002A0234 /* FriendsTableViewCell.xib */ = {isa = PBXFileReference; fileEncoding = 4; lastKnownFileType = file.xib; path = FriendsTableViewCell.xib; sourceTree = "<group>"; };
		6358AF931AF918B8002A0234 /* de */ = {isa = PBXFileReference; lastKnownFileType = text.plist.strings; name = de; path = de.lproj/Login.strings; sourceTree = "<group>"; };
		6358AF961AF918CE002A0234 /* Base */ = {isa = PBXFileReference; lastKnownFileType = file.storyboard; name = Base; path = Base.lproj/Main.storyboard; sourceTree = "<group>"; };
		6358AF9B1AF918D5002A0234 /* de */ = {isa = PBXFileReference; lastKnownFileType = text.plist.strings; name = de; path = de.lproj/Main.strings; sourceTree = "<group>"; };
		6358AFA61AF919AD002A0234 /* Base */ = {isa = PBXFileReference; lastKnownFileType = text.plist.strings; name = Base; path = Base.lproj/Localizable.strings; sourceTree = "<group>"; };
		6358AFA81AF919B0002A0234 /* de */ = {isa = PBXFileReference; lastKnownFileType = text.plist.strings; name = de; path = de.lproj/Localizable.strings; sourceTree = "<group>"; };
		63970AE31AF8DDC10015106D /* Constants.h */ = {isa = PBXFileReference; lastKnownFileType = sourcecode.c.h; path = Constants.h; sourceTree = "<group>"; };
		63970AE41AF8E3540015106D /* PrefixHeader.pch */ = {isa = PBXFileReference; fileEncoding = 4; lastKnownFileType = sourcecode.c.h; path = PrefixHeader.pch; sourceTree = "<group>"; };
		6398B7EF1AF7D00E000235FE /* PinFever.app */ = {isa = PBXFileReference; explicitFileType = wrapper.application; includeInIndex = 0; path = PinFever.app; sourceTree = BUILT_PRODUCTS_DIR; };
		6398B7F31AF7D00E000235FE /* Info.plist */ = {isa = PBXFileReference; lastKnownFileType = text.plist.xml; path = Info.plist; sourceTree = "<group>"; };
		6398B7F41AF7D00E000235FE /* main.m */ = {isa = PBXFileReference; lastKnownFileType = sourcecode.c.objc; path = main.m; sourceTree = "<group>"; };
		6398B7F61AF7D00E000235FE /* AppDelegate.h */ = {isa = PBXFileReference; lastKnownFileType = sourcecode.c.h; path = AppDelegate.h; sourceTree = "<group>"; };
		6398B7F71AF7D00E000235FE /* AppDelegate.m */ = {isa = PBXFileReference; lastKnownFileType = sourcecode.c.objc; path = AppDelegate.m; sourceTree = "<group>"; };
		6398B7F91AF7D00E000235FE /* LoginViewController.h */ = {isa = PBXFileReference; lastKnownFileType = sourcecode.c.h; path = LoginViewController.h; sourceTree = "<group>"; };
		6398B7FA1AF7D00E000235FE /* LoginViewController.m */ = {isa = PBXFileReference; lastKnownFileType = sourcecode.c.objc; path = LoginViewController.m; sourceTree = "<group>"; };
		6398B7FD1AF7D00E000235FE /* Base */ = {isa = PBXFileReference; lastKnownFileType = file.storyboard; name = Base; path = Base.lproj/Login.storyboard; sourceTree = "<group>"; };
		6398B8021AF7D00E000235FE /* Base */ = {isa = PBXFileReference; lastKnownFileType = file.xib; name = Base; path = Base.lproj/LaunchScreen.xib; sourceTree = "<group>"; };
		6398B8081AF7D00E000235FE /* PinFeverTests.xctest */ = {isa = PBXFileReference; explicitFileType = wrapper.cfbundle; includeInIndex = 0; path = PinFeverTests.xctest; sourceTree = BUILT_PRODUCTS_DIR; };
		6398B80D1AF7D00E000235FE /* Info.plist */ = {isa = PBXFileReference; lastKnownFileType = text.plist.xml; path = Info.plist; sourceTree = "<group>"; };
		6398B80E1AF7D00E000235FE /* PinFeverTests.m */ = {isa = PBXFileReference; lastKnownFileType = sourcecode.c.objc; path = PinFeverTests.m; sourceTree = "<group>"; };
		63AF11BC1B008E340063D3B1 /* TLTagsControl.h */ = {isa = PBXFileReference; fileEncoding = 4; lastKnownFileType = sourcecode.c.h; path = TLTagsControl.h; sourceTree = "<group>"; };
		63AF11BD1B008E340063D3B1 /* TLTagsControl.m */ = {isa = PBXFileReference; fileEncoding = 4; lastKnownFileType = sourcecode.c.objc; path = TLTagsControl.m; sourceTree = "<group>"; };
		63AF11C01B0097950063D3B1 /* DEDeleteTextField.h */ = {isa = PBXFileReference; fileEncoding = 4; lastKnownFileType = sourcecode.c.h; path = DEDeleteTextField.h; sourceTree = "<group>"; };
		63AF11C11B0097950063D3B1 /* DEDeleteTextField.m */ = {isa = PBXFileReference; fileEncoding = 4; lastKnownFileType = sourcecode.c.objc; path = DEDeleteTextField.m; sourceTree = "<group>"; };
		63B0CFC71B0A0545000AED84 /* DEProfileViewController.h */ = {isa = PBXFileReference; fileEncoding = 4; lastKnownFileType = sourcecode.c.h; path = DEProfileViewController.h; sourceTree = "<group>"; };
		63B0CFC81B0A0545000AED84 /* DEProfileViewController.m */ = {isa = PBXFileReference; fileEncoding = 4; lastKnownFileType = sourcecode.c.objc; path = DEProfileViewController.m; sourceTree = "<group>"; };
		63D36DB21B036144008B3C3F /* SQLiteManager.h */ = {isa = PBXFileReference; fileEncoding = 4; lastKnownFileType = sourcecode.c.h; path = SQLiteManager.h; sourceTree = "<group>"; };
		63D36DB31B036144008B3C3F /* SQLiteManager.m */ = {isa = PBXFileReference; fileEncoding = 4; lastKnownFileType = sourcecode.c.objc; path = SQLiteManager.m; sourceTree = "<group>"; };
		63D36DB61B03615F008B3C3F /* libsqlite3.0.dylib */ = {isa = PBXFileReference; lastKnownFileType = "compiled.mach-o.dylib"; name = libsqlite3.0.dylib; path = usr/lib/libsqlite3.0.dylib; sourceTree = SDKROOT; };
		63F42B461B0E1C6C00E5CC48 /* DEAddFriendViewController.h */ = {isa = PBXFileReference; fileEncoding = 4; lastKnownFileType = sourcecode.c.h; path = DEAddFriendViewController.h; sourceTree = "<group>"; };
		63F42B471B0E1C6C00E5CC48 /* DEAddFriendViewController.m */ = {isa = PBXFileReference; fileEncoding = 4; lastKnownFileType = sourcecode.c.objc; path = DEAddFriendViewController.m; sourceTree = "<group>"; };
		63F42B491B0E1EBD00E5CC48 /* DEPlayer.h */ = {isa = PBXFileReference; fileEncoding = 4; lastKnownFileType = sourcecode.c.h; path = DEPlayer.h; sourceTree = "<group>"; };
		63F42B4A1B0E1EBD00E5CC48 /* DEPlayer.m */ = {isa = PBXFileReference; fileEncoding = 4; lastKnownFileType = sourcecode.c.objc; path = DEPlayer.m; sourceTree = "<group>"; };
		63F42B4E1B0E2B1E00E5CC48 /* pinfever_db.db */ = {isa = PBXFileReference; lastKnownFileType = file; path = pinfever_db.db; sourceTree = "<group>"; };
		63F782E61B00DAF700C101FC /* RegisterViewController.h */ = {isa = PBXFileReference; fileEncoding = 4; lastKnownFileType = sourcecode.c.h; path = RegisterViewController.h; sourceTree = "<group>"; };
		63F782E71B00DAF700C101FC /* RegisterViewController.m */ = {isa = PBXFileReference; fileEncoding = 4; lastKnownFileType = sourcecode.c.objc; path = RegisterViewController.m; sourceTree = "<group>"; };
		6B1C09E42F865C1EF58A623B /* libPods.a */ = {isa = PBXFileReference; explicitFileType = archive.ar; includeInIndex = 0; path = libPods.a; sourceTree = BUILT_PRODUCTS_DIR; };
		ABA9E17C690EC19D25973B59 /* Pods.release.xcconfig */ = {isa = PBXFileReference; includeInIndex = 1; lastKnownFileType = text.xcconfig; name = Pods.release.xcconfig; path = "Pods/Target Support Files/Pods/Pods.release.xcconfig"; sourceTree = "<group>"; };
/* End PBXFileReference section */

/* Begin PBXFrameworksBuildPhase section */
		6398B7EC1AF7D00E000235FE /* Frameworks */ = {
			isa = PBXFrameworksBuildPhase;
			buildActionMask = 2147483647;
			files = (
				63D36DB71B03615F008B3C3F /* libsqlite3.0.dylib in Frameworks */,
				AA074DF6F7DC330072874014 /* libPods.a in Frameworks */,
			);
			runOnlyForDeploymentPostprocessing = 0;
		};
		6398B8051AF7D00E000235FE /* Frameworks */ = {
			isa = PBXFrameworksBuildPhase;
			buildActionMask = 2147483647;
			files = (
				ECD5BEC372440E7D600D36C8 /* libPods.a in Frameworks */,
			);
			runOnlyForDeploymentPostprocessing = 0;
		};
/* End PBXFrameworksBuildPhase section */

/* Begin PBXGroup section */
		103CF721884B9C24B27AD02D /* Frameworks */ = {
			isa = PBXGroup;
			children = (
				63D36DB61B03615F008B3C3F /* libsqlite3.0.dylib */,
				6B1C09E42F865C1EF58A623B /* libPods.a */,
			);
			name = Frameworks;
			sourceTree = "<group>";
		};
		6349C8EF1AF7D9C600F412CC /* Login */ = {
			isa = PBXGroup;
			children = (
				6398B7F91AF7D00E000235FE /* LoginViewController.h */,
				6398B7FA1AF7D00E000235FE /* LoginViewController.m */,
				63F782E61B00DAF700C101FC /* RegisterViewController.h */,
				63F782E71B00DAF700C101FC /* RegisterViewController.m */,
			);
			name = Login;
			sourceTree = "<group>";
		};
		6358AF851AF9035A002A0234 /* TableViewCells */ = {
			isa = PBXGroup;
			children = (
				6358AF801AF90354002A0234 /* ActiveGamesTableViewCell.h */,
				6358AF811AF90354002A0234 /* ActiveGamesTableViewCell.m */,
				6358AF821AF90354002A0234 /* ActiveGamesTableViewCell.xib */,
				6358AF8E1AF91230002A0234 /* FriendsTableViewCell.h */,
				6358AF8F1AF91230002A0234 /* FriendsTableViewCell.m */,
				6358AF901AF91230002A0234 /* FriendsTableViewCell.xib */,
				6319044F1AFA27FF00E3665F /* DERoundTableViewCell.h */,
				631904501AFA27FF00E3665F /* DERoundTableViewCell.m */,
				631904511AFA27FF00E3665F /* DERoundTableViewCell.xib */,
				6314E5201AFE1F0000B8574E /* PlayerCollectionViewCell.h */,
				6314E5211AFE1F0000B8574E /* PlayerCollectionViewCell.m */,
			);
			name = TableViewCells;
			sourceTree = "<group>";
		};
		6398B7E61AF7D00E000235FE = {
			isa = PBXGroup;
			children = (
				6398B7F11AF7D00E000235FE /* PinFever */,
				6398B80B1AF7D00E000235FE /* PinFeverTests */,
				6398B7F01AF7D00E000235FE /* Products */,
				A46BBED1BCC88E47CD0E3E3C /* Pods */,
				103CF721884B9C24B27AD02D /* Frameworks */,
			);
			sourceTree = "<group>";
		};
		6398B7F01AF7D00E000235FE /* Products */ = {
			isa = PBXGroup;
			children = (
				6398B7EF1AF7D00E000235FE /* PinFever.app */,
				6398B8081AF7D00E000235FE /* PinFeverTests.xctest */,
			);
			name = Products;
			sourceTree = "<group>";
		};
		6398B7F11AF7D00E000235FE /* PinFever */ = {
			isa = PBXGroup;
			children = (
				6398B7F61AF7D00E000235FE /* AppDelegate.h */,
				6398B7F71AF7D00E000235FE /* AppDelegate.m */,
				63970AE31AF8DDC10015106D /* Constants.h */,
				63D36DB51B036149008B3C3F /* Database */,
				63AF11BF1B008E380063D3B1 /* TLTagsControl */,
				6349C8EF1AF7D9C600F412CC /* Login */,
				6358AF7D1AF8F5AB002A0234 /* DEHomeViewController.h */,
				6358AF7E1AF8F5AB002A0234 /* DEHomeViewController.m */,
				63B0CFC71B0A0545000AED84 /* DEProfileViewController.h */,
				63B0CFC81B0A0545000AED84 /* DEProfileViewController.m */,
				6314E51D1AFE1CCC00B8574E /* DELaunchViewController.h */,
				6314E51E1AFE1CCC00B8574E /* DELaunchViewController.m */,
				6319044C1AFA210B00E3665F /* DERoundDetailViewController.h */,
				6319044D1AFA210B00E3665F /* DERoundDetailViewController.m */,
				6358AF8B1AF910B0002A0234 /* DEFriendsViewController.h */,
				6358AF8C1AF910B0002A0234 /* DEFriendsViewController.m */,
				63F42B491B0E1EBD00E5CC48 /* DEPlayer.h */,
				63F42B4A1B0E1EBD00E5CC48 /* DEPlayer.m */,
				63F42B461B0E1C6C00E5CC48 /* DEAddFriendViewController.h */,
				63F42B471B0E1C6C00E5CC48 /* DEAddFriendViewController.m */,
				63275A2C1AF9696400A5881A /* DESettingsViewController.h */,
				63275A2D1AF9696400A5881A /* DESettingsViewController.m */,
				6358AF851AF9035A002A0234 /* TableViewCells */,
				63275A2F1AF96E9900A5881A /* Images.xcassets */,
				6398B7FC1AF7D00E000235FE /* Login.storyboard */,
				6358AF971AF918CE002A0234 /* Main.storyboard */,
				6398B8011AF7D00E000235FE /* LaunchScreen.xib */,
				6398B7F21AF7D00E000235FE /* Supporting Files */,
			);
			path = PinFever;
			sourceTree = "<group>";
		};
		6398B7F21AF7D00E000235FE /* Supporting Files */ = {
			isa = PBXGroup;
			children = (
				63F42B4E1B0E2B1E00E5CC48 /* pinfever_db.db */,
				6398B7F31AF7D00E000235FE /* Info.plist */,
				6398B7F41AF7D00E000235FE /* main.m */,
				63970AE41AF8E3540015106D /* PrefixHeader.pch */,
				6358AFA71AF919AD002A0234 /* Localizable.strings */,
			);
			name = "Supporting Files";
			sourceTree = "<group>";
		};
		6398B80B1AF7D00E000235FE /* PinFeverTests */ = {
			isa = PBXGroup;
			children = (
				6398B80E1AF7D00E000235FE /* PinFeverTests.m */,
				6398B80C1AF7D00E000235FE /* Supporting Files */,
			);
			path = PinFeverTests;
			sourceTree = "<group>";
		};
		6398B80C1AF7D00E000235FE /* Supporting Files */ = {
			isa = PBXGroup;
			children = (
				6398B80D1AF7D00E000235FE /* Info.plist */,
			);
			name = "Supporting Files";
			sourceTree = "<group>";
		};
		63AF11BF1B008E380063D3B1 /* TLTagsControl */ = {
			isa = PBXGroup;
			children = (
				63AF11BC1B008E340063D3B1 /* TLTagsControl.h */,
				63AF11BD1B008E340063D3B1 /* TLTagsControl.m */,
				63AF11C01B0097950063D3B1 /* DEDeleteTextField.h */,
				63AF11C11B0097950063D3B1 /* DEDeleteTextField.m */,
			);
			name = TLTagsControl;
			sourceTree = "<group>";
		};
		63D36DB51B036149008B3C3F /* Database */ = {
			isa = PBXGroup;
			children = (
				63D36DB21B036144008B3C3F /* SQLiteManager.h */,
				63D36DB31B036144008B3C3F /* SQLiteManager.m */,
			);
			name = Database;
			sourceTree = "<group>";
		};
		A46BBED1BCC88E47CD0E3E3C /* Pods */ = {
			isa = PBXGroup;
			children = (
				23246D62D85BC0918686BF90 /* Pods.debug.xcconfig */,
				ABA9E17C690EC19D25973B59 /* Pods.release.xcconfig */,
			);
			name = Pods;
			sourceTree = "<group>";
		};
/* End PBXGroup section */

/* Begin PBXNativeTarget section */
		6398B7EE1AF7D00E000235FE /* PinFever */ = {
			isa = PBXNativeTarget;
			buildConfigurationList = 6398B8121AF7D00E000235FE /* Build configuration list for PBXNativeTarget "PinFever" */;
			buildPhases = (
				A8BA401D6DA4125DB9B52780 /* Check Pods Manifest.lock */,
				6398B7EB1AF7D00E000235FE /* Sources */,
				6398B7EC1AF7D00E000235FE /* Frameworks */,
				6398B7ED1AF7D00E000235FE /* Resources */,
				676FF6D2980CD7652EAB99DB /* Copy Pods Resources */,
				63D9E8301B0BA75D007B08AB /* ShellScript */,
			);
			buildRules = (
			);
			dependencies = (
			);
			name = PinFever;
			productName = PinFever;
			productReference = 6398B7EF1AF7D00E000235FE /* PinFever.app */;
			productType = "com.apple.product-type.application";
		};
		6398B8071AF7D00E000235FE /* PinFeverTests */ = {
			isa = PBXNativeTarget;
			buildConfigurationList = 6398B8151AF7D00E000235FE /* Build configuration list for PBXNativeTarget "PinFeverTests" */;
			buildPhases = (
				E1A740A03A63633C41F137B5 /* Check Pods Manifest.lock */,
				6398B8041AF7D00E000235FE /* Sources */,
				6398B8051AF7D00E000235FE /* Frameworks */,
				6398B8061AF7D00E000235FE /* Resources */,
				019F3BF65B32FE56ADE00D25 /* Copy Pods Resources */,
			);
			buildRules = (
			);
			dependencies = (
				6398B80A1AF7D00E000235FE /* PBXTargetDependency */,
			);
			name = PinFeverTests;
			productName = PinFeverTests;
			productReference = 6398B8081AF7D00E000235FE /* PinFeverTests.xctest */;
			productType = "com.apple.product-type.bundle.unit-test";
		};
/* End PBXNativeTarget section */

/* Begin PBXProject section */
		6398B7E71AF7D00E000235FE /* Project object */ = {
			isa = PBXProject;
			attributes = {
				LastUpgradeCheck = 0630;
				ORGANIZATIONNAME = "David Ehlen";
				TargetAttributes = {
					6398B7EE1AF7D00E000235FE = {
						CreatedOnToolsVersion = 6.3.1;
					};
					6398B8071AF7D00E000235FE = {
						CreatedOnToolsVersion = 6.3.1;
						TestTargetID = 6398B7EE1AF7D00E000235FE;
					};
				};
			};
			buildConfigurationList = 6398B7EA1AF7D00E000235FE /* Build configuration list for PBXProject "PinFever" */;
			compatibilityVersion = "Xcode 3.2";
			developmentRegion = English;
			hasScannedForEncodings = 0;
			knownRegions = (
				en,
				Base,
				de,
			);
			mainGroup = 6398B7E61AF7D00E000235FE;
			productRefGroup = 6398B7F01AF7D00E000235FE /* Products */;
			projectDirPath = "";
			projectRoot = "";
			targets = (
				6398B7EE1AF7D00E000235FE /* PinFever */,
				6398B8071AF7D00E000235FE /* PinFeverTests */,
			);
		};
/* End PBXProject section */

/* Begin PBXResourcesBuildPhase section */
		6398B7ED1AF7D00E000235FE /* Resources */ = {
			isa = PBXResourcesBuildPhase;
			buildActionMask = 2147483647;
			files = (
				6358AF841AF90354002A0234 /* ActiveGamesTableViewCell.xib in Resources */,
				6398B7FE1AF7D00E000235FE /* Login.storyboard in Resources */,
				63275A301AF96E9900A5881A /* Images.xcassets in Resources */,
				6398B8031AF7D00E000235FE /* LaunchScreen.xib in Resources */,
				6358AF951AF918CE002A0234 /* Main.storyboard in Resources */,
				631904531AFA27FF00E3665F /* DERoundTableViewCell.xib in Resources */,
				6358AFA51AF919AD002A0234 /* Localizable.strings in Resources */,
				6358AF921AF91230002A0234 /* FriendsTableViewCell.xib in Resources */,
				63F42B4F1B0E2B2200E5CC48 /* pinfever_db.db in Resources */,
			);
			runOnlyForDeploymentPostprocessing = 0;
		};
		6398B8061AF7D00E000235FE /* Resources */ = {
			isa = PBXResourcesBuildPhase;
			buildActionMask = 2147483647;
			files = (
			);
			runOnlyForDeploymentPostprocessing = 0;
		};
/* End PBXResourcesBuildPhase section */

/* Begin PBXShellScriptBuildPhase section */
		019F3BF65B32FE56ADE00D25 /* Copy Pods Resources */ = {
			isa = PBXShellScriptBuildPhase;
			buildActionMask = 2147483647;
			files = (
			);
			inputPaths = (
			);
			name = "Copy Pods Resources";
			outputPaths = (
			);
			runOnlyForDeploymentPostprocessing = 0;
			shellPath = /bin/sh;
			shellScript = "\"${SRCROOT}/Pods/Target Support Files/Pods/Pods-resources.sh\"\n";
			showEnvVarsInLog = 0;
		};
		63D9E8301B0BA75D007B08AB /* ShellScript */ = {
			isa = PBXShellScriptBuildPhase;
			buildActionMask = 2147483647;
			files = (
			);
			inputPaths = (
			);
			outputPaths = (
			);
			runOnlyForDeploymentPostprocessing = 0;
			shellPath = /bin/sh;
			shellScript = "KEYWORDS=\"TODO:|FIXME:|\\?\\?\\?:|\\!\\!\\!:\"\nfind \"${SRCROOT}\" \\( -name \"*.h\" -or -name \"*.m\" \\) -print0 | xargs -0 egrep --with-filename --line-number --only-matching \"($KEYWORDS).*\\$\" | perl -p -e \"s/($KEYWORDS)/ warning: \\$1/\"";
		};
		676FF6D2980CD7652EAB99DB /* Copy Pods Resources */ = {
			isa = PBXShellScriptBuildPhase;
			buildActionMask = 2147483647;
			files = (
			);
			inputPaths = (
			);
			name = "Copy Pods Resources";
			outputPaths = (
			);
			runOnlyForDeploymentPostprocessing = 0;
			shellPath = /bin/sh;
			shellScript = "\"${SRCROOT}/Pods/Target Support Files/Pods/Pods-resources.sh\"\n";
			showEnvVarsInLog = 0;
		};
		A8BA401D6DA4125DB9B52780 /* Check Pods Manifest.lock */ = {
			isa = PBXShellScriptBuildPhase;
			buildActionMask = 2147483647;
			files = (
			);
			inputPaths = (
			);
			name = "Check Pods Manifest.lock";
			outputPaths = (
			);
			runOnlyForDeploymentPostprocessing = 0;
			shellPath = /bin/sh;
			shellScript = "diff \"${PODS_ROOT}/../Podfile.lock\" \"${PODS_ROOT}/Manifest.lock\" > /dev/null\nif [[ $? != 0 ]] ; then\n    cat << EOM\nerror: The sandbox is not in sync with the Podfile.lock. Run 'pod install' or update your CocoaPods installation.\nEOM\n    exit 1\nfi\n";
			showEnvVarsInLog = 0;
		};
		E1A740A03A63633C41F137B5 /* Check Pods Manifest.lock */ = {
			isa = PBXShellScriptBuildPhase;
			buildActionMask = 2147483647;
			files = (
			);
			inputPaths = (
			);
			name = "Check Pods Manifest.lock";
			outputPaths = (
			);
			runOnlyForDeploymentPostprocessing = 0;
			shellPath = /bin/sh;
			shellScript = "diff \"${PODS_ROOT}/../Podfile.lock\" \"${PODS_ROOT}/Manifest.lock\" > /dev/null\nif [[ $? != 0 ]] ; then\n    cat << EOM\nerror: The sandbox is not in sync with the Podfile.lock. Run 'pod install' or update your CocoaPods installation.\nEOM\n    exit 1\nfi\n";
			showEnvVarsInLog = 0;
		};
/* End PBXShellScriptBuildPhase section */

/* Begin PBXSourcesBuildPhase section */
		6398B7EB1AF7D00E000235FE /* Sources */ = {
			isa = PBXSourcesBuildPhase;
			buildActionMask = 2147483647;
			files = (
				6398B7FB1AF7D00E000235FE /* LoginViewController.m in Sources */,
				6314E51F1AFE1CCC00B8574E /* DELaunchViewController.m in Sources */,
				6398B7F81AF7D00E000235FE /* AppDelegate.m in Sources */,
				6358AF911AF91230002A0234 /* FriendsTableViewCell.m in Sources */,
				63F42B4B1B0E1EBD00E5CC48 /* DEPlayer.m in Sources */,
				6358AF7F1AF8F5AB002A0234 /* DEHomeViewController.m in Sources */,
				63F42B481B0E1C6C00E5CC48 /* DEAddFriendViewController.m in Sources */,
				63AF11C21B0097950063D3B1 /* DEDeleteTextField.m in Sources */,
				6314E5231AFE1F0000B8574E /* PlayerCollectionViewCell.m in Sources */,
				63D36DB41B036144008B3C3F /* SQLiteManager.m in Sources */,
				6358AF8D1AF910B0002A0234 /* DEFriendsViewController.m in Sources */,
				631904521AFA27FF00E3665F /* DERoundTableViewCell.m in Sources */,
				6358AF831AF90354002A0234 /* ActiveGamesTableViewCell.m in Sources */,
				63F782E81B00DAF700C101FC /* RegisterViewController.m in Sources */,
				6319044E1AFA210B00E3665F /* DERoundDetailViewController.m in Sources */,
				63275A2E1AF9696400A5881A /* DESettingsViewController.m in Sources */,
				63B0CFC91B0A0545000AED84 /* DEProfileViewController.m in Sources */,
				63AF11BE1B008E340063D3B1 /* TLTagsControl.m in Sources */,
				6398B7F51AF7D00E000235FE /* main.m in Sources */,
			);
			runOnlyForDeploymentPostprocessing = 0;
		};
		6398B8041AF7D00E000235FE /* Sources */ = {
			isa = PBXSourcesBuildPhase;
			buildActionMask = 2147483647;
			files = (
				6398B80F1AF7D00E000235FE /* PinFeverTests.m in Sources */,
			);
			runOnlyForDeploymentPostprocessing = 0;
		};
/* End PBXSourcesBuildPhase section */

/* Begin PBXTargetDependency section */
		6398B80A1AF7D00E000235FE /* PBXTargetDependency */ = {
			isa = PBXTargetDependency;
			target = 6398B7EE1AF7D00E000235FE /* PinFever */;
			targetProxy = 6398B8091AF7D00E000235FE /* PBXContainerItemProxy */;
		};
/* End PBXTargetDependency section */

/* Begin PBXVariantGroup section */
		6358AF971AF918CE002A0234 /* Main.storyboard */ = {
			isa = PBXVariantGroup;
			children = (
				6358AF961AF918CE002A0234 /* Base */,
				6358AF9B1AF918D5002A0234 /* de */,
			);
			name = Main.storyboard;
			sourceTree = "<group>";
		};
		6358AFA71AF919AD002A0234 /* Localizable.strings */ = {
			isa = PBXVariantGroup;
			children = (
				6358AFA61AF919AD002A0234 /* Base */,
				6358AFA81AF919B0002A0234 /* de */,
			);
			name = Localizable.strings;
			sourceTree = "<group>";
		};
		6398B7FC1AF7D00E000235FE /* Login.storyboard */ = {
			isa = PBXVariantGroup;
			children = (
				6398B7FD1AF7D00E000235FE /* Base */,
				6358AF931AF918B8002A0234 /* de */,
			);
			name = Login.storyboard;
			sourceTree = "<group>";
		};
		6398B8011AF7D00E000235FE /* LaunchScreen.xib */ = {
			isa = PBXVariantGroup;
			children = (
				6398B8021AF7D00E000235FE /* Base */,
			);
			name = LaunchScreen.xib;
			sourceTree = "<group>";
		};
/* End PBXVariantGroup section */

/* Begin XCBuildConfiguration section */
		6398B8101AF7D00E000235FE /* Debug */ = {
			isa = XCBuildConfiguration;
			baseConfigurationReference = 23246D62D85BC0918686BF90 /* Pods.debug.xcconfig */;
			buildSettings = {
				ALWAYS_SEARCH_USER_PATHS = NO;
				CLANG_CXX_LANGUAGE_STANDARD = "gnu++0x";
				CLANG_CXX_LIBRARY = "libc++";
				CLANG_ENABLE_MODULES = YES;
				CLANG_ENABLE_OBJC_ARC = YES;
				CLANG_WARN_BOOL_CONVERSION = YES;
				CLANG_WARN_CONSTANT_CONVERSION = YES;
				CLANG_WARN_DIRECT_OBJC_ISA_USAGE = YES_ERROR;
				CLANG_WARN_EMPTY_BODY = YES;
				CLANG_WARN_ENUM_CONVERSION = YES;
				CLANG_WARN_INT_CONVERSION = YES;
				CLANG_WARN_OBJC_ROOT_CLASS = YES_ERROR;
				CLANG_WARN_UNREACHABLE_CODE = YES;
				CLANG_WARN__DUPLICATE_METHOD_MATCH = YES;
				"CODE_SIGN_IDENTITY[sdk=iphoneos*]" = "iPhone Developer";
				COPY_PHASE_STRIP = NO;
				DEBUG_INFORMATION_FORMAT = "dwarf-with-dsym";
				ENABLE_STRICT_OBJC_MSGSEND = YES;
				GCC_C_LANGUAGE_STANDARD = gnu99;
				GCC_DYNAMIC_NO_PIC = NO;
				GCC_NO_COMMON_BLOCKS = YES;
				GCC_OPTIMIZATION_LEVEL = 0;
				GCC_PRECOMPILE_PREFIX_HEADER = YES;
				GCC_PREFIX_HEADER = "$(SRCROOT)/PinFever/PrefixHeader.pch";
				GCC_PREPROCESSOR_DEFINITIONS = (
					"DEBUG=1",
					"$(inherited)",
				);
				GCC_SYMBOLS_PRIVATE_EXTERN = NO;
				GCC_WARN_64_TO_32_BIT_CONVERSION = YES;
				GCC_WARN_ABOUT_RETURN_TYPE = YES_ERROR;
				GCC_WARN_UNDECLARED_SELECTOR = YES;
				GCC_WARN_UNINITIALIZED_AUTOS = YES_AGGRESSIVE;
				GCC_WARN_UNUSED_FUNCTION = YES;
				GCC_WARN_UNUSED_VARIABLE = YES;
				IPHONEOS_DEPLOYMENT_TARGET = 8.3;
				MTL_ENABLE_DEBUG_INFO = YES;
				ONLY_ACTIVE_ARCH = YES;
				SDKROOT = iphoneos;
				TARGETED_DEVICE_FAMILY = "1,2";
			};
			name = Debug;
		};
		6398B8111AF7D00E000235FE /* Release */ = {
			isa = XCBuildConfiguration;
			baseConfigurationReference = ABA9E17C690EC19D25973B59 /* Pods.release.xcconfig */;
			buildSettings = {
				ALWAYS_SEARCH_USER_PATHS = NO;
				CLANG_CXX_LANGUAGE_STANDARD = "gnu++0x";
				CLANG_CXX_LIBRARY = "libc++";
				CLANG_ENABLE_MODULES = YES;
				CLANG_ENABLE_OBJC_ARC = YES;
				CLANG_WARN_BOOL_CONVERSION = YES;
				CLANG_WARN_CONSTANT_CONVERSION = YES;
				CLANG_WARN_DIRECT_OBJC_ISA_USAGE = YES_ERROR;
				CLANG_WARN_EMPTY_BODY = YES;
				CLANG_WARN_ENUM_CONVERSION = YES;
				CLANG_WARN_INT_CONVERSION = YES;
				CLANG_WARN_OBJC_ROOT_CLASS = YES_ERROR;
				CLANG_WARN_UNREACHABLE_CODE = YES;
				CLANG_WARN__DUPLICATE_METHOD_MATCH = YES;
				"CODE_SIGN_IDENTITY[sdk=iphoneos*]" = "iPhone Developer";
				COPY_PHASE_STRIP = NO;
				DEBUG_INFORMATION_FORMAT = "dwarf-with-dsym";
				ENABLE_NS_ASSERTIONS = NO;
				ENABLE_STRICT_OBJC_MSGSEND = YES;
				GCC_C_LANGUAGE_STANDARD = gnu99;
				GCC_NO_COMMON_BLOCKS = YES;
				GCC_PRECOMPILE_PREFIX_HEADER = YES;
				GCC_PREFIX_HEADER = "$(SRCROOT)/PinFever/PrefixHeader.pch";
				GCC_WARN_64_TO_32_BIT_CONVERSION = YES;
				GCC_WARN_ABOUT_RETURN_TYPE = YES_ERROR;
				GCC_WARN_UNDECLARED_SELECTOR = YES;
				GCC_WARN_UNINITIALIZED_AUTOS = YES_AGGRESSIVE;
				GCC_WARN_UNUSED_FUNCTION = YES;
				GCC_WARN_UNUSED_VARIABLE = YES;
				IPHONEOS_DEPLOYMENT_TARGET = 8.3;
				MTL_ENABLE_DEBUG_INFO = NO;
				SDKROOT = iphoneos;
				TARGETED_DEVICE_FAMILY = "1,2";
				VALIDATE_PRODUCT = YES;
			};
			name = Release;
		};
		6398B8131AF7D00E000235FE /* Debug */ = {
			isa = XCBuildConfiguration;
			baseConfigurationReference = 23246D62D85BC0918686BF90 /* Pods.debug.xcconfig */;
			buildSettings = {
				ASSETCATALOG_COMPILER_APPICON_NAME = AppIcon;
				GCC_PREFIX_HEADER = "$(SRCROOT)/PinFever/PrefixHeader.pch";
				INFOPLIST_FILE = PinFever/Info.plist;
				LD_RUNPATH_SEARCH_PATHS = "$(inherited) @executable_path/Frameworks";
				PRODUCT_NAME = "$(TARGET_NAME)";
			};
			name = Debug;
		};
		6398B8141AF7D00E000235FE /* Release */ = {
			isa = XCBuildConfiguration;
			baseConfigurationReference = ABA9E17C690EC19D25973B59 /* Pods.release.xcconfig */;
			buildSettings = {
				ASSETCATALOG_COMPILER_APPICON_NAME = AppIcon;
				GCC_PREFIX_HEADER = "$(SRCROOT)/PinFever/PrefixHeader.pch";
				INFOPLIST_FILE = PinFever/Info.plist;
				LD_RUNPATH_SEARCH_PATHS = "$(inherited) @executable_path/Frameworks";
				PRODUCT_NAME = "$(TARGET_NAME)";
			};
			name = Release;
		};
		6398B8161AF7D00E000235FE /* Debug */ = {
			isa = XCBuildConfiguration;
			baseConfigurationReference = 23246D62D85BC0918686BF90 /* Pods.debug.xcconfig */;
			buildSettings = {
				BUNDLE_LOADER = "$(TEST_HOST)";
				FRAMEWORK_SEARCH_PATHS = (
					"$(SDKROOT)/Developer/Library/Frameworks",
					"$(inherited)",
				);
				GCC_PREPROCESSOR_DEFINITIONS = (
					"DEBUG=1",
					"$(inherited)",
				);
				INFOPLIST_FILE = PinFeverTests/Info.plist;
				LD_RUNPATH_SEARCH_PATHS = "$(inherited) @executable_path/Frameworks @loader_path/Frameworks";
				PRODUCT_NAME = "$(TARGET_NAME)";
				TEST_HOST = "$(BUILT_PRODUCTS_DIR)/PinFever.app/PinFever";
			};
			name = Debug;
		};
		6398B8171AF7D00E000235FE /* Release */ = {
			isa = XCBuildConfiguration;
			baseConfigurationReference = ABA9E17C690EC19D25973B59 /* Pods.release.xcconfig */;
			buildSettings = {
				BUNDLE_LOADER = "$(TEST_HOST)";
				FRAMEWORK_SEARCH_PATHS = (
					"$(SDKROOT)/Developer/Library/Frameworks",
					"$(inherited)",
				);
				INFOPLIST_FILE = PinFeverTests/Info.plist;
				LD_RUNPATH_SEARCH_PATHS = "$(inherited) @executable_path/Frameworks @loader_path/Frameworks";
				PRODUCT_NAME = "$(TARGET_NAME)";
				TEST_HOST = "$(BUILT_PRODUCTS_DIR)/PinFever.app/PinFever";
			};
			name = Release;
		};
/* End XCBuildConfiguration section */

/* Begin XCConfigurationList section */
		6398B7EA1AF7D00E000235FE /* Build configuration list for PBXProject "PinFever" */ = {
			isa = XCConfigurationList;
			buildConfigurations = (
				6398B8101AF7D00E000235FE /* Debug */,
				6398B8111AF7D00E000235FE /* Release */,
			);
			defaultConfigurationIsVisible = 0;
			defaultConfigurationName = Release;
		};
		6398B8121AF7D00E000235FE /* Build configuration list for PBXNativeTarget "PinFever" */ = {
			isa = XCConfigurationList;
			buildConfigurations = (
				6398B8131AF7D00E000235FE /* Debug */,
				6398B8141AF7D00E000235FE /* Release */,
			);
			defaultConfigurationIsVisible = 0;
			defaultConfigurationName = Release;
		};
		6398B8151AF7D00E000235FE /* Build configuration list for PBXNativeTarget "PinFeverTests" */ = {
			isa = XCConfigurationList;
			buildConfigurations = (
				6398B8161AF7D00E000235FE /* Debug */,
				6398B8171AF7D00E000235FE /* Release */,
			);
			defaultConfigurationIsVisible = 0;
			defaultConfigurationName = Release;
		};
/* End XCConfigurationList section */
	};
	rootObject = 6398B7E71AF7D00E000235FE /* Project object */;
}
